// !$*UTF8*$!
{
	archiveVersion = 1;
	classes = {
	};
	objectVersion = 55;
	objects = {

/* Begin PBXBuildFile section */
		6F3B829527BE7B6D00428123 /* ProjetAWI_IOSApp.swift in Sources */ = {isa = PBXBuildFile; fileRef = 6F3B829427BE7B6D00428123 /* ProjetAWI_IOSApp.swift */; };
		6F3B829727BE7B6D00428123 /* MainView.swift in Sources */ = {isa = PBXBuildFile; fileRef = 6F3B829627BE7B6D00428123 /* MainView.swift */; };
		6F3B829927BE7B6E00428123 /* Assets.xcassets in Resources */ = {isa = PBXBuildFile; fileRef = 6F3B829827BE7B6E00428123 /* Assets.xcassets */; };
		6F3B829C27BE7B6E00428123 /* Preview Assets.xcassets in Resources */ = {isa = PBXBuildFile; fileRef = 6F3B829B27BE7B6E00428123 /* Preview Assets.xcassets */; };
		6F3B82A827BE8F4E00428123 /* FicheTechniqueListView.swift in Sources */ = {isa = PBXBuildFile; fileRef = 6F3B82A727BE8F4E00428123 /* FicheTechniqueListView.swift */; };
		6F3B82AA27BE916400428123 /* MenuView.swift in Sources */ = {isa = PBXBuildFile; fileRef = 6F3B82A927BE916400428123 /* MenuView.swift */; };
		6F3B82AC27BFB98200428123 /* UIColor.swift in Sources */ = {isa = PBXBuildFile; fileRef = 6F3B82AB27BFB98200428123 /* UIColor.swift */; };
		6F3B82AE27BFBB0C00428123 /* Theme.swift in Sources */ = {isa = PBXBuildFile; fileRef = 6F3B82AD27BFBB0C00428123 /* Theme.swift */; };
		6F3B82B127BFBE8D00428123 /* TestView.swift in Sources */ = {isa = PBXBuildFile; fileRef = 6F3B82B027BFBE8D00428123 /* TestView.swift */; };
		6F3B82B327BFC47600428123 /* Color.swift in Sources */ = {isa = PBXBuildFile; fileRef = 6F3B82B227BFC47600428123 /* Color.swift */; };
		6F3B82B827C10DCC00428123 /* GoogleService-Info.plist in Resources */ = {isa = PBXBuildFile; fileRef = 6F3B82B727C10DCC00428123 /* GoogleService-Info.plist */; };
		6F3B82BB27C10F0F00428123 /* FirebaseFirestore in Frameworks */ = {isa = PBXBuildFile; productRef = 6F3B82BA27C10F0F00428123 /* FirebaseFirestore */; };
		6F3B82BD27C10F0F00428123 /* FirebaseFirestoreSwift-Beta in Frameworks */ = {isa = PBXBuildFile; productRef = 6F3B82BC27C10F0F00428123 /* FirebaseFirestoreSwift-Beta */; };
		6F3B82BF27C10F8400428123 /* UtilisateurDTO.swift in Sources */ = {isa = PBXBuildFile; fileRef = 6F3B82BE27C10F8300428123 /* UtilisateurDTO.swift */; };
		6F3B82C227C1102700428123 /* Utilisateur.swift in Sources */ = {isa = PBXBuildFile; fileRef = 6F3B82C127C1102700428123 /* Utilisateur.swift */; };
		6F3B82C627C118AE00428123 /* UtilisateurListViewModel.swift in Sources */ = {isa = PBXBuildFile; fileRef = 6F3B82C527C118AE00428123 /* UtilisateurListViewModel.swift */; };
		6F3B82C827C1196700428123 /* UtilisateurIntent.swift in Sources */ = {isa = PBXBuildFile; fileRef = 6F3B82C727C1196700428123 /* UtilisateurIntent.swift */; };
		6F3B82CB27C11B1100428123 /* UtilisateurViewModel.swift in Sources */ = {isa = PBXBuildFile; fileRef = 6F3B82CA27C11B1100428123 /* UtilisateurViewModel.swift */; };
		6F3B82CF27C11D9C00428123 /* UtilisateurListView.swift in Sources */ = {isa = PBXBuildFile; fileRef = 6F3B82CE27C11D9C00428123 /* UtilisateurListView.swift */; };
		6F3B82D427C11E9500428123 /* UtilisateurService.swift in Sources */ = {isa = PBXBuildFile; fileRef = 6F3B82D327C11E9500428123 /* UtilisateurService.swift */; };
/* End PBXBuildFile section */

/* Begin PBXFileReference section */
		6F3B829127BE7B6D00428123 /* ProjetAWI-IOS.app */ = {isa = PBXFileReference; explicitFileType = wrapper.application; includeInIndex = 0; path = "ProjetAWI-IOS.app"; sourceTree = BUILT_PRODUCTS_DIR; };
		6F3B829427BE7B6D00428123 /* ProjetAWI_IOSApp.swift */ = {isa = PBXFileReference; lastKnownFileType = sourcecode.swift; path = ProjetAWI_IOSApp.swift; sourceTree = "<group>"; };
		6F3B829627BE7B6D00428123 /* MainView.swift */ = {isa = PBXFileReference; lastKnownFileType = sourcecode.swift; path = MainView.swift; sourceTree = "<group>"; };
		6F3B829827BE7B6E00428123 /* Assets.xcassets */ = {isa = PBXFileReference; lastKnownFileType = folder.assetcatalog; path = Assets.xcassets; sourceTree = "<group>"; };
		6F3B829B27BE7B6E00428123 /* Preview Assets.xcassets */ = {isa = PBXFileReference; lastKnownFileType = folder.assetcatalog; path = "Preview Assets.xcassets"; sourceTree = "<group>"; };
		6F3B82A727BE8F4E00428123 /* FicheTechniqueListView.swift */ = {isa = PBXFileReference; lastKnownFileType = sourcecode.swift; path = FicheTechniqueListView.swift; sourceTree = "<group>"; };
		6F3B82A927BE916400428123 /* MenuView.swift */ = {isa = PBXFileReference; lastKnownFileType = sourcecode.swift; path = MenuView.swift; sourceTree = "<group>"; };
		6F3B82AB27BFB98200428123 /* UIColor.swift */ = {isa = PBXFileReference; lastKnownFileType = sourcecode.swift; path = UIColor.swift; sourceTree = "<group>"; };
		6F3B82AD27BFBB0C00428123 /* Theme.swift */ = {isa = PBXFileReference; lastKnownFileType = sourcecode.swift; path = Theme.swift; sourceTree = "<group>"; };
		6F3B82B027BFBE8D00428123 /* TestView.swift */ = {isa = PBXFileReference; lastKnownFileType = sourcecode.swift; path = TestView.swift; sourceTree = "<group>"; };
		6F3B82B227BFC47600428123 /* Color.swift */ = {isa = PBXFileReference; lastKnownFileType = sourcecode.swift; path = Color.swift; sourceTree = "<group>"; };
		6F3B82B727C10DCC00428123 /* GoogleService-Info.plist */ = {isa = PBXFileReference; fileEncoding = 4; lastKnownFileType = text.plist.xml; path = "GoogleService-Info.plist"; sourceTree = "<group>"; };
		6F3B82BE27C10F8300428123 /* UtilisateurDTO.swift */ = {isa = PBXFileReference; lastKnownFileType = sourcecode.swift; path = UtilisateurDTO.swift; sourceTree = "<group>"; };
		6F3B82C127C1102700428123 /* Utilisateur.swift */ = {isa = PBXFileReference; lastKnownFileType = sourcecode.swift; path = Utilisateur.swift; sourceTree = "<group>"; };
		6F3B82C527C118AE00428123 /* UtilisateurListViewModel.swift */ = {isa = PBXFileReference; lastKnownFileType = sourcecode.swift; path = UtilisateurListViewModel.swift; sourceTree = "<group>"; };
		6F3B82C727C1196700428123 /* UtilisateurIntent.swift */ = {isa = PBXFileReference; lastKnownFileType = sourcecode.swift; path = UtilisateurIntent.swift; sourceTree = "<group>"; };
		6F3B82CA27C11B1100428123 /* UtilisateurViewModel.swift */ = {isa = PBXFileReference; lastKnownFileType = sourcecode.swift; path = UtilisateurViewModel.swift; sourceTree = "<group>"; };
		6F3B82CE27C11D9C00428123 /* UtilisateurListView.swift */ = {isa = PBXFileReference; lastKnownFileType = sourcecode.swift; path = UtilisateurListView.swift; sourceTree = "<group>"; };
		6F3B82D327C11E9500428123 /* UtilisateurService.swift */ = {isa = PBXFileReference; lastKnownFileType = sourcecode.swift; path = UtilisateurService.swift; sourceTree = "<group>"; };
/* End PBXFileReference section */

/* Begin PBXFrameworksBuildPhase section */
		6F3B828E27BE7B6D00428123 /* Frameworks */ = {
			isa = PBXFrameworksBuildPhase;
			buildActionMask = 2147483647;
			files = (
				6F3B82BB27C10F0F00428123 /* FirebaseFirestore in Frameworks */,
				6F3B82BD27C10F0F00428123 /* FirebaseFirestoreSwift-Beta in Frameworks */,
			);
			runOnlyForDeploymentPostprocessing = 0;
		};
/* End PBXFrameworksBuildPhase section */

/* Begin PBXGroup section */
		6F3B828827BE7B6D00428123 = {
			isa = PBXGroup;
			children = (
				6F3B829327BE7B6D00428123 /* ProjetAWI-IOS */,
				6F3B829227BE7B6D00428123 /* Products */,
			);
			sourceTree = "<group>";
		};
		6F3B829227BE7B6D00428123 /* Products */ = {
			isa = PBXGroup;
			children = (
				6F3B829127BE7B6D00428123 /* ProjetAWI-IOS.app */,
			);
			name = Products;
			sourceTree = "<group>";
		};
		6F3B829327BE7B6D00428123 /* ProjetAWI-IOS */ = {
			isa = PBXGroup;
			children = (
				6F3B82B727C10DCC00428123 /* GoogleService-Info.plist */,
				6F3B82A627BE7D8E00428123 /* ViewModels-Intents */,
				6F3B82A527BE7CB300428123 /* DTOs */,
				6F3B82A427BE7CA200428123 /* Helpers */,
				6F3B82A327BE7C7E00428123 /* Views */,
				6F3B82A227BE7C6800428123 /* Models */,
				6F3B829427BE7B6D00428123 /* ProjetAWI_IOSApp.swift */,
				6F3B829627BE7B6D00428123 /* MainView.swift */,
				6F3B829827BE7B6E00428123 /* Assets.xcassets */,
				6F3B829A27BE7B6E00428123 /* Preview Content */,
				6F3B82B027BFBE8D00428123 /* TestView.swift */,
			);
			path = "ProjetAWI-IOS";
			sourceTree = "<group>";
		};
		6F3B829A27BE7B6E00428123 /* Preview Content */ = {
			isa = PBXGroup;
			children = (
				6F3B829B27BE7B6E00428123 /* Preview Assets.xcassets */,
			);
			path = "Preview Content";
			sourceTree = "<group>";
		};
		6F3B82A227BE7C6800428123 /* Models */ = {
			isa = PBXGroup;
			children = (
				6F3B82C127C1102700428123 /* Utilisateur.swift */,
			);
			path = Models;
			sourceTree = "<group>";
		};
		6F3B82A327BE7C7E00428123 /* Views */ = {
			isa = PBXGroup;
			children = (
				6F3B82CC27C11D7800428123 /* Utilisateur */,
				6F3B82B427BFC52800428123 /* Fiche-Technique */,
				6F3B82AF27BFBD2E00428123 /* Menu */,
			);
			path = Views;
			sourceTree = "<group>";
		};
		6F3B82A427BE7CA200428123 /* Helpers */ = {
			isa = PBXGroup;
			children = (
				6F3B82D227C11E8400428123 /* Request */,
				6F3B82D027C11E5100428123 /* Design */,
			);
			path = Helpers;
			sourceTree = "<group>";
		};
		6F3B82A527BE7CB300428123 /* DTOs */ = {
			isa = PBXGroup;
			children = (
				6F3B82BE27C10F8300428123 /* UtilisateurDTO.swift */,
			);
			path = DTOs;
			sourceTree = "<group>";
		};
		6F3B82A627BE7D8E00428123 /* ViewModels-Intents */ = {
			isa = PBXGroup;
			children = (
				6F3B82C327C117C500428123 /* Utilisateur */,
			);
			path = "ViewModels-Intents";
			sourceTree = "<group>";
		};
		6F3B82AF27BFBD2E00428123 /* Menu */ = {
			isa = PBXGroup;
			children = (
				6F3B82A927BE916400428123 /* MenuView.swift */,
			);
			path = Menu;
			sourceTree = "<group>";
		};
		6F3B82B427BFC52800428123 /* Fiche-Technique */ = {
			isa = PBXGroup;
			children = (
				6F3B82A727BE8F4E00428123 /* FicheTechniqueListView.swift */,
			);
			path = "Fiche-Technique";
			sourceTree = "<group>";
		};
		6F3B82C327C117C500428123 /* Utilisateur */ = {
			isa = PBXGroup;
			children = (
				6F3B82C727C1196700428123 /* UtilisateurIntent.swift */,
				6F3B82C927C11AF200428123 /* Detail */,
				6F3B82C427C117D000428123 /* Liste */,
			);
			path = Utilisateur;
			sourceTree = "<group>";
		};
		6F3B82C427C117D000428123 /* Liste */ = {
			isa = PBXGroup;
			children = (
				6F3B82C527C118AE00428123 /* UtilisateurListViewModel.swift */,
			);
			path = Liste;
			sourceTree = "<group>";
		};
		6F3B82C927C11AF200428123 /* Detail */ = {
			isa = PBXGroup;
			children = (
				6F3B82CA27C11B1100428123 /* UtilisateurViewModel.swift */,
			);
			path = Detail;
			sourceTree = "<group>";
		};
		6F3B82CC27C11D7800428123 /* Utilisateur */ = {
			isa = PBXGroup;
			children = (
				6F3B82CE27C11D9C00428123 /* UtilisateurListView.swift */,
			);
			path = Utilisateur;
			sourceTree = "<group>";
		};
		6F3B82D027C11E5100428123 /* Design */ = {
			isa = PBXGroup;
			children = (
				6F3B82B227BFC47600428123 /* Color.swift */,
				6F3B82AD27BFBB0C00428123 /* Theme.swift */,
				6F3B82AB27BFB98200428123 /* UIColor.swift */,
			);
			path = Design;
			sourceTree = "<group>";
		};
		6F3B82D227C11E8400428123 /* Request */ = {
			isa = PBXGroup;
			children = (
				6F3B82D327C11E9500428123 /* UtilisateurService.swift */,
			);
			path = Request;
			sourceTree = "<group>";
		};
/* End PBXGroup section */

/* Begin PBXNativeTarget section */
		6F3B829027BE7B6D00428123 /* ProjetAWI-IOS */ = {
			isa = PBXNativeTarget;
			buildConfigurationList = 6F3B829F27BE7B6E00428123 /* Build configuration list for PBXNativeTarget "ProjetAWI-IOS" */;
			buildPhases = (
				6F3B828D27BE7B6D00428123 /* Sources */,
				6F3B828E27BE7B6D00428123 /* Frameworks */,
				6F3B828F27BE7B6D00428123 /* Resources */,
			);
			buildRules = (
			);
			dependencies = (
			);
			name = "ProjetAWI-IOS";
			packageProductDependencies = (
				6F3B82BA27C10F0F00428123 /* FirebaseFirestore */,
				6F3B82BC27C10F0F00428123 /* FirebaseFirestoreSwift-Beta */,
			);
			productName = "ProjetAWI-IOS";
			productReference = 6F3B829127BE7B6D00428123 /* ProjetAWI-IOS.app */;
			productType = "com.apple.product-type.application";
		};
/* End PBXNativeTarget section */

/* Begin PBXProject section */
		6F3B828927BE7B6D00428123 /* Project object */ = {
			isa = PBXProject;
			attributes = {
				BuildIndependentTargetsInParallel = 1;
				LastSwiftUpdateCheck = 1310;
				LastUpgradeCheck = 1310;
				TargetAttributes = {
					6F3B829027BE7B6D00428123 = {
						CreatedOnToolsVersion = 13.1;
					};
				};
			};
			buildConfigurationList = 6F3B828C27BE7B6D00428123 /* Build configuration list for PBXProject "ProjetAWI-IOS" */;
			compatibilityVersion = "Xcode 13.0";
			developmentRegion = en;
			hasScannedForEncodings = 0;
			knownRegions = (
				en,
				Base,
			);
			mainGroup = 6F3B828827BE7B6D00428123;
			packageReferences = (
				6F3B82B927C10F0F00428123 /* XCRemoteSwiftPackageReference "firebase-ios-sdk" */,
			);
			productRefGroup = 6F3B829227BE7B6D00428123 /* Products */;
			projectDirPath = "";
			projectRoot = "";
			targets = (
				6F3B829027BE7B6D00428123 /* ProjetAWI-IOS */,
			);
		};
/* End PBXProject section */

/* Begin PBXResourcesBuildPhase section */
		6F3B828F27BE7B6D00428123 /* Resources */ = {
			isa = PBXResourcesBuildPhase;
			buildActionMask = 2147483647;
			files = (
				6F3B829C27BE7B6E00428123 /* Preview Assets.xcassets in Resources */,
				6F3B829927BE7B6E00428123 /* Assets.xcassets in Resources */,
				6F3B82B827C10DCC00428123 /* GoogleService-Info.plist in Resources */,
			);
			runOnlyForDeploymentPostprocessing = 0;
		};
/* End PBXResourcesBuildPhase section */

/* Begin PBXSourcesBuildPhase section */
		6F3B828D27BE7B6D00428123 /* Sources */ = {
			isa = PBXSourcesBuildPhase;
			buildActionMask = 2147483647;
			files = (
				6F3B82B127BFBE8D00428123 /* TestView.swift in Sources */,
				6F3B829727BE7B6D00428123 /* MainView.swift in Sources */,
				6F3B82AA27BE916400428123 /* MenuView.swift in Sources */,
				6F3B82CB27C11B1100428123 /* UtilisateurViewModel.swift in Sources */,
				6F3B82C627C118AE00428123 /* UtilisateurListViewModel.swift in Sources */,
				6F3B82A827BE8F4E00428123 /* FicheTechniqueListView.swift in Sources */,
				6F3B82AE27BFBB0C00428123 /* Theme.swift in Sources */,
				6F3B82B327BFC47600428123 /* Color.swift in Sources */,
				6F3B82D427C11E9500428123 /* UtilisateurService.swift in Sources */,
				6F3B82C827C1196700428123 /* UtilisateurIntent.swift in Sources */,
				6F3B82BF27C10F8400428123 /* UtilisateurDTO.swift in Sources */,
				6F3B829527BE7B6D00428123 /* ProjetAWI_IOSApp.swift in Sources */,
				6F3B82C227C1102700428123 /* Utilisateur.swift in Sources */,
				6F3B82CF27C11D9C00428123 /* UtilisateurListView.swift in Sources */,
				6F3B82AC27BFB98200428123 /* UIColor.swift in Sources */,
			);
			runOnlyForDeploymentPostprocessing = 0;
		};
/* End PBXSourcesBuildPhase section */

/* Begin XCBuildConfiguration section */
		6F3B829D27BE7B6E00428123 /* Debug */ = {
			isa = XCBuildConfiguration;
			buildSettings = {
				ALWAYS_SEARCH_USER_PATHS = NO;
				CLANG_ANALYZER_NONNULL = YES;
				CLANG_ANALYZER_NUMBER_OBJECT_CONVERSION = YES_AGGRESSIVE;
				CLANG_CXX_LANGUAGE_STANDARD = "gnu++17";
				CLANG_CXX_LIBRARY = "libc++";
				CLANG_ENABLE_MODULES = YES;
				CLANG_ENABLE_OBJC_ARC = YES;
				CLANG_ENABLE_OBJC_WEAK = YES;
				CLANG_WARN_BLOCK_CAPTURE_AUTORELEASING = YES;
				CLANG_WARN_BOOL_CONVERSION = YES;
				CLANG_WARN_COMMA = YES;
				CLANG_WARN_CONSTANT_CONVERSION = YES;
				CLANG_WARN_DEPRECATED_OBJC_IMPLEMENTATIONS = YES;
				CLANG_WARN_DIRECT_OBJC_ISA_USAGE = YES_ERROR;
				CLANG_WARN_DOCUMENTATION_COMMENTS = YES;
				CLANG_WARN_EMPTY_BODY = YES;
				CLANG_WARN_ENUM_CONVERSION = YES;
				CLANG_WARN_INFINITE_RECURSION = YES;
				CLANG_WARN_INT_CONVERSION = YES;
				CLANG_WARN_NON_LITERAL_NULL_CONVERSION = YES;
				CLANG_WARN_OBJC_IMPLICIT_RETAIN_SELF = YES;
				CLANG_WARN_OBJC_LITERAL_CONVERSION = YES;
				CLANG_WARN_OBJC_ROOT_CLASS = YES_ERROR;
				CLANG_WARN_QUOTED_INCLUDE_IN_FRAMEWORK_HEADER = YES;
				CLANG_WARN_RANGE_LOOP_ANALYSIS = YES;
				CLANG_WARN_STRICT_PROTOTYPES = YES;
				CLANG_WARN_SUSPICIOUS_MOVE = YES;
				CLANG_WARN_UNGUARDED_AVAILABILITY = YES_AGGRESSIVE;
				CLANG_WARN_UNREACHABLE_CODE = YES;
				CLANG_WARN__DUPLICATE_METHOD_MATCH = YES;
				COPY_PHASE_STRIP = NO;
				DEBUG_INFORMATION_FORMAT = dwarf;
				ENABLE_STRICT_OBJC_MSGSEND = YES;
				ENABLE_TESTABILITY = YES;
				GCC_C_LANGUAGE_STANDARD = gnu11;
				GCC_DYNAMIC_NO_PIC = NO;
				GCC_NO_COMMON_BLOCKS = YES;
				GCC_OPTIMIZATION_LEVEL = 0;
				GCC_PREPROCESSOR_DEFINITIONS = (
					"DEBUG=1",
					"$(inherited)",
				);
				GCC_WARN_64_TO_32_BIT_CONVERSION = YES;
				GCC_WARN_ABOUT_RETURN_TYPE = YES_ERROR;
				GCC_WARN_UNDECLARED_SELECTOR = YES;
				GCC_WARN_UNINITIALIZED_AUTOS = YES_AGGRESSIVE;
				GCC_WARN_UNUSED_FUNCTION = YES;
				GCC_WARN_UNUSED_VARIABLE = YES;
				IPHONEOS_DEPLOYMENT_TARGET = 15.0;
				MTL_ENABLE_DEBUG_INFO = INCLUDE_SOURCE;
				MTL_FAST_MATH = YES;
				ONLY_ACTIVE_ARCH = YES;
				SDKROOT = iphoneos;
				SWIFT_ACTIVE_COMPILATION_CONDITIONS = DEBUG;
				SWIFT_OPTIMIZATION_LEVEL = "-Onone";
			};
			name = Debug;
		};
		6F3B829E27BE7B6E00428123 /* Release */ = {
			isa = XCBuildConfiguration;
			buildSettings = {
				ALWAYS_SEARCH_USER_PATHS = NO;
				CLANG_ANALYZER_NONNULL = YES;
				CLANG_ANALYZER_NUMBER_OBJECT_CONVERSION = YES_AGGRESSIVE;
				CLANG_CXX_LANGUAGE_STANDARD = "gnu++17";
				CLANG_CXX_LIBRARY = "libc++";
				CLANG_ENABLE_MODULES = YES;
				CLANG_ENABLE_OBJC_ARC = YES;
				CLANG_ENABLE_OBJC_WEAK = YES;
				CLANG_WARN_BLOCK_CAPTURE_AUTORELEASING = YES;
				CLANG_WARN_BOOL_CONVERSION = YES;
				CLANG_WARN_COMMA = YES;
				CLANG_WARN_CONSTANT_CONVERSION = YES;
				CLANG_WARN_DEPRECATED_OBJC_IMPLEMENTATIONS = YES;
				CLANG_WARN_DIRECT_OBJC_ISA_USAGE = YES_ERROR;
				CLANG_WARN_DOCUMENTATION_COMMENTS = YES;
				CLANG_WARN_EMPTY_BODY = YES;
				CLANG_WARN_ENUM_CONVERSION = YES;
				CLANG_WARN_INFINITE_RECURSION = YES;
				CLANG_WARN_INT_CONVERSION = YES;
				CLANG_WARN_NON_LITERAL_NULL_CONVERSION = YES;
				CLANG_WARN_OBJC_IMPLICIT_RETAIN_SELF = YES;
				CLANG_WARN_OBJC_LITERAL_CONVERSION = YES;
				CLANG_WARN_OBJC_ROOT_CLASS = YES_ERROR;
				CLANG_WARN_QUOTED_INCLUDE_IN_FRAMEWORK_HEADER = YES;
				CLANG_WARN_RANGE_LOOP_ANALYSIS = YES;
				CLANG_WARN_STRICT_PROTOTYPES = YES;
				CLANG_WARN_SUSPICIOUS_MOVE = YES;
				CLANG_WARN_UNGUARDED_AVAILABILITY = YES_AGGRESSIVE;
				CLANG_WARN_UNREACHABLE_CODE = YES;
				CLANG_WARN__DUPLICATE_METHOD_MATCH = YES;
				COPY_PHASE_STRIP = NO;
				DEBUG_INFORMATION_FORMAT = "dwarf-with-dsym";
				ENABLE_NS_ASSERTIONS = NO;
				ENABLE_STRICT_OBJC_MSGSEND = YES;
				GCC_C_LANGUAGE_STANDARD = gnu11;
				GCC_NO_COMMON_BLOCKS = YES;
				GCC_WARN_64_TO_32_BIT_CONVERSION = YES;
				GCC_WARN_ABOUT_RETURN_TYPE = YES_ERROR;
				GCC_WARN_UNDECLARED_SELECTOR = YES;
				GCC_WARN_UNINITIALIZED_AUTOS = YES_AGGRESSIVE;
				GCC_WARN_UNUSED_FUNCTION = YES;
				GCC_WARN_UNUSED_VARIABLE = YES;
				IPHONEOS_DEPLOYMENT_TARGET = 15.0;
				MTL_ENABLE_DEBUG_INFO = NO;
				MTL_FAST_MATH = YES;
				SDKROOT = iphoneos;
				SWIFT_COMPILATION_MODE = wholemodule;
				SWIFT_OPTIMIZATION_LEVEL = "-O";
				VALIDATE_PRODUCT = YES;
			};
			name = Release;
		};
		6F3B82A027BE7B6E00428123 /* Debug */ = {
			isa = XCBuildConfiguration;
			buildSettings = {
				ASSETCATALOG_COMPILER_APPICON_NAME = AppIcon;
				ASSETCATALOG_COMPILER_GLOBAL_ACCENT_COLOR_NAME = AccentColor;
				CODE_SIGN_STYLE = Automatic;
				CURRENT_PROJECT_VERSION = 1;
				DEVELOPMENT_ASSET_PATHS = "\"ProjetAWI-IOS/Preview Content\"";
				ENABLE_PREVIEWS = YES;
				GENERATE_INFOPLIST_FILE = YES;
				INFOPLIST_KEY_UIApplicationSceneManifest_Generation = YES;
				INFOPLIST_KEY_UIApplicationSupportsIndirectInputEvents = YES;
				INFOPLIST_KEY_UILaunchScreen_Generation = YES;
				INFOPLIST_KEY_UISupportedInterfaceOrientations_iPad = "UIInterfaceOrientationPortrait UIInterfaceOrientationPortraitUpsideDown UIInterfaceOrientationLandscapeLeft UIInterfaceOrientationLandscapeRight";
				INFOPLIST_KEY_UISupportedInterfaceOrientations_iPhone = "UIInterfaceOrientationPortrait UIInterfaceOrientationLandscapeLeft UIInterfaceOrientationLandscapeRight";
				LD_RUNPATH_SEARCH_PATHS = (
					"$(inherited)",
					"@executable_path/Frameworks",
				);
				MARKETING_VERSION = 1.0;
				PRODUCT_BUNDLE_IDENTIFIER = "fr.umontpellier.awi.ios.ProjetAWI-IOS";
				PRODUCT_NAME = "$(TARGET_NAME)";
				SWIFT_EMIT_LOC_STRINGS = YES;
				SWIFT_VERSION = 5.0;
				TARGETED_DEVICE_FAMILY = "1,2";
			};
			name = Debug;
		};
		6F3B82A127BE7B6E00428123 /* Release */ = {
			isa = XCBuildConfiguration;
			buildSettings = {
				ASSETCATALOG_COMPILER_APPICON_NAME = AppIcon;
				ASSETCATALOG_COMPILER_GLOBAL_ACCENT_COLOR_NAME = AccentColor;
				CODE_SIGN_STYLE = Automatic;
				CURRENT_PROJECT_VERSION = 1;
				DEVELOPMENT_ASSET_PATHS = "\"ProjetAWI-IOS/Preview Content\"";
				ENABLE_PREVIEWS = YES;
				GENERATE_INFOPLIST_FILE = YES;
				INFOPLIST_KEY_UIApplicationSceneManifest_Generation = YES;
				INFOPLIST_KEY_UIApplicationSupportsIndirectInputEvents = YES;
				INFOPLIST_KEY_UILaunchScreen_Generation = YES;
				INFOPLIST_KEY_UISupportedInterfaceOrientations_iPad = "UIInterfaceOrientationPortrait UIInterfaceOrientationPortraitUpsideDown UIInterfaceOrientationLandscapeLeft UIInterfaceOrientationLandscapeRight";
				INFOPLIST_KEY_UISupportedInterfaceOrientations_iPhone = "UIInterfaceOrientationPortrait UIInterfaceOrientationLandscapeLeft UIInterfaceOrientationLandscapeRight";
				LD_RUNPATH_SEARCH_PATHS = (
					"$(inherited)",
					"@executable_path/Frameworks",
				);
				MARKETING_VERSION = 1.0;
				PRODUCT_BUNDLE_IDENTIFIER = "fr.umontpellier.awi.ios.ProjetAWI-IOS";
				PRODUCT_NAME = "$(TARGET_NAME)";
				SWIFT_EMIT_LOC_STRINGS = YES;
				SWIFT_VERSION = 5.0;
				TARGETED_DEVICE_FAMILY = "1,2";
			};
			name = Release;
		};
/* End XCBuildConfiguration section */

/* Begin XCConfigurationList section */
		6F3B828C27BE7B6D00428123 /* Build configuration list for PBXProject "ProjetAWI-IOS" */ = {
			isa = XCConfigurationList;
			buildConfigurations = (
				6F3B829D27BE7B6E00428123 /* Debug */,
				6F3B829E27BE7B6E00428123 /* Release */,
			);
			defaultConfigurationIsVisible = 0;
			defaultConfigurationName = Release;
		};
		6F3B829F27BE7B6E00428123 /* Build configuration list for PBXNativeTarget "ProjetAWI-IOS" */ = {
			isa = XCConfigurationList;
			buildConfigurations = (
				6F3B82A027BE7B6E00428123 /* Debug */,
				6F3B82A127BE7B6E00428123 /* Release */,
			);
			defaultConfigurationIsVisible = 0;
			defaultConfigurationName = Release;
		};
/* End XCConfigurationList section */

/* Begin XCRemoteSwiftPackageReference section */
		6F3B82B927C10F0F00428123 /* XCRemoteSwiftPackageReference "firebase-ios-sdk" */ = {
			isa = XCRemoteSwiftPackageReference;
			repositoryURL = "https://github.com/firebase/firebase-ios-sdk";
			requirement = {
				kind = upToNextMajorVersion;
				minimumVersion = 8.0.0;
			};
		};
/* End XCRemoteSwiftPackageReference section */

/* Begin XCSwiftPackageProductDependency section */
		6F3B82BA27C10F0F00428123 /* FirebaseFirestore */ = {
			isa = XCSwiftPackageProductDependency;
			package = 6F3B82B927C10F0F00428123 /* XCRemoteSwiftPackageReference "firebase-ios-sdk" */;
			productName = FirebaseFirestore;
		};
		6F3B82BC27C10F0F00428123 /* FirebaseFirestoreSwift-Beta */ = {
			isa = XCSwiftPackageProductDependency;
			package = 6F3B82B927C10F0F00428123 /* XCRemoteSwiftPackageReference "firebase-ios-sdk" */;
			productName = "FirebaseFirestoreSwift-Beta";
		};
/* End XCSwiftPackageProductDependency section */
	};
	rootObject = 6F3B828927BE7B6D00428123 /* Project object */;
}
